// !$*UTF8*$!
{
	archiveVersion = 1;
	classes = {
	};
	objectVersion = 46;
	objects = {

/* Begin PBXBuildFile section */
		ED972C1415F2D06E006C8165 /* UIKit.framework in Frameworks */ = {isa = PBXBuildFile; fileRef = ED972C1315F2D06E006C8165 /* UIKit.framework */; };
		ED972C1615F2D06E006C8165 /* Foundation.framework in Frameworks */ = {isa = PBXBuildFile; fileRef = ED972C1515F2D06E006C8165 /* Foundation.framework */; };
		ED972C1815F2D06E006C8165 /* CoreGraphics.framework in Frameworks */ = {isa = PBXBuildFile; fileRef = ED972C1715F2D06E006C8165 /* CoreGraphics.framework */; };
		ED972C1E15F2D06E006C8165 /* InfoPlist.strings in Resources */ = {isa = PBXBuildFile; fileRef = ED972C1C15F2D06E006C8165 /* InfoPlist.strings */; };
		ED972C2015F2D06E006C8165 /* main.m in Sources */ = {isa = PBXBuildFile; fileRef = ED972C1F15F2D06E006C8165 /* main.m */; };
		ED972C2415F2D06E006C8165 /* AppDelegate.m in Sources */ = {isa = PBXBuildFile; fileRef = ED972C2315F2D06E006C8165 /* AppDelegate.m */; };
		ED972C2715F2D06E006C8165 /* ViewController.m in Sources */ = {isa = PBXBuildFile; fileRef = ED972C2615F2D06E006C8165 /* ViewController.m */; };
		ED972C2A15F2D06E006C8165 /* ViewController_iPhone.xib in Resources */ = {isa = PBXBuildFile; fileRef = ED972C2815F2D06E006C8165 /* ViewController_iPhone.xib */; };
		ED972C2D15F2D06E006C8165 /* ViewController_iPad.xib in Resources */ = {isa = PBXBuildFile; fileRef = ED972C2B15F2D06E006C8165 /* ViewController_iPad.xib */; };
		ED972C3715F2D0A0006C8165 /* CUImageView.m in Sources */ = {isa = PBXBuildFile; fileRef = ED972C3415F2D0A0006C8165 /* CUImageView.m */; };
/* End PBXBuildFile section */

/* Begin PBXFileReference section */
		ED972C0F15F2D06E006C8165 /* CUImageViewProject.app */ = {isa = PBXFileReference; explicitFileType = wrapper.application; includeInIndex = 0; path = CUImageViewProject.app; sourceTree = BUILT_PRODUCTS_DIR; };
		ED972C1315F2D06E006C8165 /* UIKit.framework */ = {isa = PBXFileReference; lastKnownFileType = wrapper.framework; name = UIKit.framework; path = System/Library/Frameworks/UIKit.framework; sourceTree = SDKROOT; };
		ED972C1515F2D06E006C8165 /* Foundation.framework */ = {isa = PBXFileReference; lastKnownFileType = wrapper.framework; name = Foundation.framework; path = System/Library/Frameworks/Foundation.framework; sourceTree = SDKROOT; };
		ED972C1715F2D06E006C8165 /* CoreGraphics.framework */ = {isa = PBXFileReference; lastKnownFileType = wrapper.framework; name = CoreGraphics.framework; path = System/Library/Frameworks/CoreGraphics.framework; sourceTree = SDKROOT; };
		ED972C1B15F2D06E006C8165 /* CUImageViewProject-Info.plist */ = {isa = PBXFileReference; lastKnownFileType = text.plist.xml; path = "CUImageViewProject-Info.plist"; sourceTree = "<group>"; };
		ED972C1D15F2D06E006C8165 /* en */ = {isa = PBXFileReference; lastKnownFileType = text.plist.strings; name = en; path = en.lproj/InfoPlist.strings; sourceTree = "<group>"; };
		ED972C1F15F2D06E006C8165 /* main.m */ = {isa = PBXFileReference; lastKnownFileType = sourcecode.c.objc; path = main.m; sourceTree = "<group>"; };
		ED972C2115F2D06E006C8165 /* CUImageViewProject-Prefix.pch */ = {isa = PBXFileReference; lastKnownFileType = sourcecode.c.h; path = "CUImageViewProject-Prefix.pch"; sourceTree = "<group>"; };
		ED972C2215F2D06E006C8165 /* AppDelegate.h */ = {isa = PBXFileReference; lastKnownFileType = sourcecode.c.h; path = AppDelegate.h; sourceTree = "<group>"; };
		ED972C2315F2D06E006C8165 /* AppDelegate.m */ = {isa = PBXFileReference; lastKnownFileType = sourcecode.c.objc; path = AppDelegate.m; sourceTree = "<group>"; };
		ED972C2515F2D06E006C8165 /* ViewController.h */ = {isa = PBXFileReference; lastKnownFileType = sourcecode.c.h; path = ViewController.h; sourceTree = "<group>"; };
		ED972C2615F2D06E006C8165 /* ViewController.m */ = {isa = PBXFileReference; lastKnownFileType = sourcecode.c.objc; path = ViewController.m; sourceTree = "<group>"; };
		ED972C2915F2D06E006C8165 /* en */ = {isa = PBXFileReference; lastKnownFileType = file.xib; name = en; path = en.lproj/ViewController_iPhone.xib; sourceTree = "<group>"; };
		ED972C2C15F2D06E006C8165 /* en */ = {isa = PBXFileReference; lastKnownFileType = file.xib; name = en; path = en.lproj/ViewController_iPad.xib; sourceTree = "<group>"; };
		ED972C3315F2D0A0006C8165 /* CUImageView.h */ = {isa = PBXFileReference; fileEncoding = 4; lastKnownFileType = sourcecode.c.h; path = CUImageView.h; sourceTree = "<group>"; };
		ED972C3415F2D0A0006C8165 /* CUImageView.m */ = {isa = PBXFileReference; fileEncoding = 4; lastKnownFileType = sourcecode.c.objc; path = CUImageView.m; sourceTree = "<group>"; };
/* End PBXFileReference section */

/* Begin PBXFrameworksBuildPhase section */
		ED972C0C15F2D06E006C8165 /* Frameworks */ = {
			isa = PBXFrameworksBuildPhase;
			buildActionMask = 2147483647;
			files = (
				ED972C1415F2D06E006C8165 /* UIKit.framework in Frameworks */,
				ED972C1615F2D06E006C8165 /* Foundation.framework in Frameworks */,
				ED972C1815F2D06E006C8165 /* CoreGraphics.framework in Frameworks */,
			);
			runOnlyForDeploymentPostprocessing = 0;
		};
/* End PBXFrameworksBuildPhase section */

/* Begin PBXGroup section */
		ED972C0415F2D06E006C8165 = {
			isa = PBXGroup;
			children = (
				ED972C1915F2D06E006C8165 /* CUImageViewProject */,
				ED972C1215F2D06E006C8165 /* Frameworks */,
				ED972C1015F2D06E006C8165 /* Products */,
			);
			sourceTree = "<group>";
		};
		ED972C1015F2D06E006C8165 /* Products */ = {
			isa = PBXGroup;
			children = (
				ED972C0F15F2D06E006C8165 /* CUImageViewProject.app */,
			);
			name = Products;
			sourceTree = "<group>";
		};
		ED972C1215F2D06E006C8165 /* Frameworks */ = {
			isa = PBXGroup;
			children = (
				ED972C1315F2D06E006C8165 /* UIKit.framework */,
				ED972C1515F2D06E006C8165 /* Foundation.framework */,
				ED972C1715F2D06E006C8165 /* CoreGraphics.framework */,
			);
			name = Frameworks;
			sourceTree = "<group>";
		};
		ED972C1915F2D06E006C8165 /* CUImageViewProject */ = {
			isa = PBXGroup;
			children = (
				ED972C3A15F2D0B4006C8165 /* The Files You Want */,
				ED972C2215F2D06E006C8165 /* AppDelegate.h */,
				ED972C2315F2D06E006C8165 /* AppDelegate.m */,
				ED972C2515F2D06E006C8165 /* ViewController.h */,
				ED972C2615F2D06E006C8165 /* ViewController.m */,
				ED972C2815F2D06E006C8165 /* ViewController_iPhone.xib */,
				ED972C2B15F2D06E006C8165 /* ViewController_iPad.xib */,
				ED972C1A15F2D06E006C8165 /* Supporting Files */,
			);
			path = CUImageViewProject;
			sourceTree = "<group>";
		};
		ED972C1A15F2D06E006C8165 /* Supporting Files */ = {
			isa = PBXGroup;
			children = (
				ED972C1B15F2D06E006C8165 /* CUImageViewProject-Info.plist */,
				ED972C1C15F2D06E006C8165 /* InfoPlist.strings */,
				ED972C1F15F2D06E006C8165 /* main.m */,
				ED972C2115F2D06E006C8165 /* CUImageViewProject-Prefix.pch */,
			);
			name = "Supporting Files";
			sourceTree = "<group>";
		};
		ED972C3A15F2D0B4006C8165 /* The Files You Want */ = {
			isa = PBXGroup;
			children = (
				ED972C3315F2D0A0006C8165 /* CUImageView.h */,
				ED972C3415F2D0A0006C8165 /* CUImageView.m */,
			);
			name = "The Files You Want";
			sourceTree = "<group>";
		};
/* End PBXGroup section */

/* Begin PBXNativeTarget section */
		ED972C0E15F2D06E006C8165 /* CUImageViewProject */ = {
			isa = PBXNativeTarget;
			buildConfigurationList = ED972C3015F2D06E006C8165 /* Build configuration list for PBXNativeTarget "CUImageViewProject" */;
			buildPhases = (
				ED972C0B15F2D06E006C8165 /* Sources */,
				ED972C0C15F2D06E006C8165 /* Frameworks */,
				ED972C0D15F2D06E006C8165 /* Resources */,
			);
			buildRules = (
			);
			dependencies = (
			);
			name = CUImageViewProject;
			productName = CUImageViewProject;
			productReference = ED972C0F15F2D06E006C8165 /* CUImageViewProject.app */;
			productType = "com.apple.product-type.application";
		};
/* End PBXNativeTarget section */

/* Begin PBXProject section */
		ED972C0615F2D06E006C8165 /* Project object */ = {
			isa = PBXProject;
			attributes = {
				LastUpgradeCheck = 0440;
				ORGANIZATIONNAME = "Leonard Ryan Crews";
			};
			buildConfigurationList = ED972C0915F2D06E006C8165 /* Build configuration list for PBXProject "CUImageViewProject" */;
			compatibilityVersion = "Xcode 3.2";
			developmentRegion = English;
			hasScannedForEncodings = 0;
			knownRegions = (
				en,
			);
			mainGroup = ED972C0415F2D06E006C8165;
			productRefGroup = ED972C1015F2D06E006C8165 /* Products */;
			projectDirPath = "";
			projectRoot = "";
			targets = (
				ED972C0E15F2D06E006C8165 /* CUImageViewProject */,
			);
		};
/* End PBXProject section */

/* Begin PBXResourcesBuildPhase section */
		ED972C0D15F2D06E006C8165 /* Resources */ = {
			isa = PBXResourcesBuildPhase;
			buildActionMask = 2147483647;
			files = (
				ED972C1E15F2D06E006C8165 /* InfoPlist.strings in Resources */,
				ED972C2A15F2D06E006C8165 /* ViewController_iPhone.xib in Resources */,
				ED972C2D15F2D06E006C8165 /* ViewController_iPad.xib in Resources */,
			);
			runOnlyForDeploymentPostprocessing = 0;
		};
/* End PBXResourcesBuildPhase section */

/* Begin PBXSourcesBuildPhase section */
		ED972C0B15F2D06E006C8165 /* Sources */ = {
			isa = PBXSourcesBuildPhase;
			buildActionMask = 2147483647;
			files = (
				ED972C2015F2D06E006C8165 /* main.m in Sources */,
				ED972C2415F2D06E006C8165 /* AppDelegate.m in Sources */,
				ED972C2715F2D06E006C8165 /* ViewController.m in Sources */,
				ED972C3715F2D0A0006C8165 /* CUImageView.m in Sources */,
			);
			runOnlyForDeploymentPostprocessing = 0;
		};
/* End PBXSourcesBuildPhase section */

/* Begin PBXVariantGroup section */
		ED972C1C15F2D06E006C8165 /* InfoPlist.strings */ = {
			isa = PBXVariantGroup;
			children = (
				ED972C1D15F2D06E006C8165 /* en */,
			);
			name = InfoPlist.strings;
			sourceTree = "<group>";
		};
		ED972C2815F2D06E006C8165 /* ViewController_iPhone.xib */ = {
			isa = PBXVariantGroup;
			children = (
				ED972C2915F2D06E006C8165 /* en */,
			);
			name = ViewController_iPhone.xib;
			sourceTree = "<group>";
		};
		ED972C2B15F2D06E006C8165 /* ViewController_iPad.xib */ = {
			isa = PBXVariantGroup;
			children = (
				ED972C2C15F2D06E006C8165 /* en */,
			);
			name = ViewController_iPad.xib;
			sourceTree = "<group>";
		};
/* End PBXVariantGroup section */

/* Begin XCBuildConfiguration section */
		ED972C2E15F2D06E006C8165 /* Debug */ = {
			isa = XCBuildConfiguration;
			buildSettings = {
				ALWAYS_SEARCH_USER_PATHS = NO;
				ARCHS = "$(ARCHS_STANDARD_32_BIT)";
				CLANG_CXX_LANGUAGE_STANDARD = "gnu++0x";
				CLANG_ENABLE_OBJC_ARC = YES;
				CLANG_WARN__DUPLICATE_METHOD_MATCH = YES;
				"CODE_SIGN_IDENTITY[sdk=iphoneos*]" = "iPhone Developer";
				COPY_PHASE_STRIP = NO;
				GCC_C_LANGUAGE_STANDARD = gnu99;
				GCC_DYNAMIC_NO_PIC = NO;
				GCC_OPTIMIZATION_LEVEL = 0;
				GCC_PREPROCESSOR_DEFINITIONS = (
					"DEBUG=1",
					"$(inherited)",
				);
				GCC_SYMBOLS_PRIVATE_EXTERN = NO;
				GCC_VERSION = com.apple.compilers.llvm.clang.1_0;
				GCC_WARN_ABOUT_RETURN_TYPE = YES;
				GCC_WARN_UNINITIALIZED_AUTOS = YES;
				GCC_WARN_UNUSED_VARIABLE = YES;
				IPHONEOS_DEPLOYMENT_TARGET = 5.1;
				SDKROOT = iphoneos;
				TARGETED_DEVICE_FAMILY = "1,2";
			};
			name = Debug;
		};
		ED972C2F15F2D06E006C8165 /* Release */ = {
			isa = XCBuildConfiguration;
			buildSettings = {
				ALWAYS_SEARCH_USER_PATHS = NO;
				ARCHS = "$(ARCHS_STANDARD_32_BIT)";
				CLANG_CXX_LANGUAGE_STANDARD = "gnu++0x";
				CLANG_ENABLE_OBJC_ARC = YES;
				CLANG_WARN__DUPLICATE_METHOD_MATCH = YES;
				"CODE_SIGN_IDENTITY[sdk=iphoneos*]" = "iPhone Developer";
				COPY_PHASE_STRIP = YES;
				GCC_C_LANGUAGE_STANDARD = gnu99;
				GCC_VERSION = com.apple.compilers.llvm.clang.1_0;
				GCC_WARN_ABOUT_RETURN_TYPE = YES;
				GCC_WARN_UNINITIALIZED_AUTOS = YES;
				GCC_WARN_UNUSED_VARIABLE = YES;
				IPHONEOS_DEPLOYMENT_TARGET = 5.1;
				OTHER_CFLAGS = "-DNS_BLOCK_ASSERTIONS=1";
				SDKROOT = iphoneos;
				TARGETED_DEVICE_FAMILY = "1,2";
				VALIDATE_PRODUCT = YES;
			};
			name = Release;
		};
		ED972C3115F2D06E006C8165 /* Debug */ = {
			isa = XCBuildConfiguration;
			buildSettings = {
				GCC_PRECOMPILE_PREFIX_HEADER = YES;
				GCC_PREFIX_HEADER = "CUImageViewProject/CUImageViewProject-Prefix.pch";
				INFOPLIST_FILE = "CUImageViewProject/CUImageViewProject-Info.plist";
				PRODUCT_NAME = "$(TARGET_NAME)";
				WRAPPER_EXTENSION = app;
			};
			name = Debug;
		};
		ED972C3215F2D06E006C8165 /* Release */ = {
			isa = XCBuildConfiguration;
			buildSettings = {
				GCC_PRECOMPILE_PREFIX_HEADER = YES;
				GCC_PREFIX_HEADER = "CUImageViewProject/CUImageViewProject-Prefix.pch";
				INFOPLIST_FILE = "CUImageViewProject/CUImageViewProject-Info.plist";
				PRODUCT_NAME = "$(TARGET_NAME)";
				WRAPPER_EXTENSION = app;
			};
			name = Release;
		};
/* End XCBuildConfiguration section */

/* Begin XCConfigurationList section */
		ED972C0915F2D06E006C8165 /* Build configuration list for PBXProject "CUImageViewProject" */ = {
			isa = XCConfigurationList;
			buildConfigurations = (
				ED972C2E15F2D06E006C8165 /* Debug */,
				ED972C2F15F2D06E006C8165 /* Release */,
			);
			defaultConfigurationIsVisible = 0;
			defaultConfigurationName = Release;
		};
		ED972C3015F2D06E006C8165 /* Build configuration list for PBXNativeTarget "CUImageViewProject" */ = {
			isa = XCConfigurationList;
			buildConfigurations = (
				ED972C3115F2D06E006C8165 /* Debug */,
				ED972C3215F2D06E006C8165 /* Release */,
			);
			defaultConfigurationIsVisible = 0;
			defaultConfigurationName = Release;
		};
/* End XCConfigurationList section */
	};
	rootObject = ED972C0615F2D06E006C8165 /* Project object */;
}
